
Microsoft Visual Studio Solution File, Format Version 12.00
# Visual Studio Version 16
VisualStudioVersion = 16.0.30114.105
MinimumVisualStudioVersion = 10.0.40219.1
Project("{FAE04EC0-301F-11D3-BF4B-00C04F79EFBC}") = "rome", "rome\rome.csproj", "{ED219C24-E1C6-4BE8-A178-19839514316D}"
EndProject
Global
	GlobalSection(SolutionConfigurationPlatforms) = preSolution
		Debug|Any CPU = Debug|Any CPU
		Release|Any CPU = Release|Any CPU
	EndGlobalSection
	GlobalSection(ProjectConfigurationPlatforms) = postSolution
		{ED219C24-E1C6-4BE8-A178-19839514316D}.Debug|Any CPU.ActiveCfg = Debug|Any CPU
		{ED219C24-E1C6-4BE8-A178-19839514316D}.Debug|Any CPU.Build.0 = Debug|Any CPU
		{ED219C24-E1C6-4BE8-A178-19839514316D}.Release|Any CPU.ActiveCfg = Release|Any CPU
		{ED219C24-E1C6-4BE8-A178-19839514316D}.Release|Any CPU.Build.0 = Release|Any CPU
	EndGlobalSection
	GlobalSection(SolutionProperties) = preSolution
		HideSolutionNode = FALSE
	EndGlobalSection
	GlobalSection(ExtensibilityGlobals) = postSolution
		SolutionGuid = {85B43F99-4AAB-4D78-82DF-AEFCF628E178}
	EndGlobalSection
EndGlobal
