
Microsoft Visual Studio Solution File, Format Version 12.00
# Visual Studio Version 16
VisualStudioVersion = 16.0.30114.105
MinimumVisualStudioVersion = 10.0.40219.1
Project("{FAE04EC0-301F-11D3-BF4B-00C04F79EFBC}") = "MinimunDeletions", "MinimunDeletions\MinimunDeletions.csproj", "{371875D9-F685-48D4-B233-267E1D9D03D3}"
EndProject
Global
	GlobalSection(SolutionConfigurationPlatforms) = preSolution
		Debug|Any CPU = Debug|Any CPU
		Release|Any CPU = Release|Any CPU
	EndGlobalSection
	GlobalSection(ProjectConfigurationPlatforms) = postSolution
		{371875D9-F685-48D4-B233-267E1D9D03D3}.Debug|Any CPU.ActiveCfg = Debug|Any CPU
		{371875D9-F685-48D4-B233-267E1D9D03D3}.Debug|Any CPU.Build.0 = Debug|Any CPU
		{371875D9-F685-48D4-B233-267E1D9D03D3}.Release|Any CPU.ActiveCfg = Release|Any CPU
		{371875D9-F685-48D4-B233-267E1D9D03D3}.Release|Any CPU.Build.0 = Release|Any CPU
	EndGlobalSection
	GlobalSection(SolutionProperties) = preSolution
		HideSolutionNode = FALSE
	EndGlobalSection
	GlobalSection(ExtensibilityGlobals) = postSolution
		SolutionGuid = {5B452F68-0D26-46D3-8E52-11B732164210}
	EndGlobalSection
EndGlobal
