
Microsoft Visual Studio Solution File, Format Version 12.00
# Visual Studio Version 16
VisualStudioVersion = 16.0.30114.105
MinimumVisualStudioVersion = 10.0.40219.1
Project("{FAE04EC0-301F-11D3-BF4B-00C04F79EFBC}") = "minimummoves", "minimummoves\minimummoves.csproj", "{2D62CD95-7326-472A-AA41-837CACE05359}"
EndProject
Global
	GlobalSection(SolutionConfigurationPlatforms) = preSolution
		Debug|Any CPU = Debug|Any CPU
		Release|Any CPU = Release|Any CPU
	EndGlobalSection
	GlobalSection(ProjectConfigurationPlatforms) = postSolution
		{2D62CD95-7326-472A-AA41-837CACE05359}.Debug|Any CPU.ActiveCfg = Debug|Any CPU
		{2D62CD95-7326-472A-AA41-837CACE05359}.Debug|Any CPU.Build.0 = Debug|Any CPU
		{2D62CD95-7326-472A-AA41-837CACE05359}.Release|Any CPU.ActiveCfg = Release|Any CPU
		{2D62CD95-7326-472A-AA41-837CACE05359}.Release|Any CPU.Build.0 = Release|Any CPU
	EndGlobalSection
	GlobalSection(SolutionProperties) = preSolution
		HideSolutionNode = FALSE
	EndGlobalSection
	GlobalSection(ExtensibilityGlobals) = postSolution
		SolutionGuid = {5E2944A2-8E44-4743-BF52-A4DF34AC74B0}
	EndGlobalSection
EndGlobal
