
Microsoft Visual Studio Solution File, Format Version 12.00
# Visual Studio Version 16
VisualStudioVersion = 16.0.30114.105
MinimumVisualStudioVersion = 10.0.40219.1
Project("{FAE04EC0-301F-11D3-BF4B-00C04F79EFBC}") = "LinkedList", "LinkedList\LinkedList.csproj", "{91803042-4514-4E97-AB33-F2672DACE87A}"
EndProject
Global
	GlobalSection(SolutionConfigurationPlatforms) = preSolution
		Debug|Any CPU = Debug|Any CPU
		Release|Any CPU = Release|Any CPU
	EndGlobalSection
	GlobalSection(ProjectConfigurationPlatforms) = postSolution
		{91803042-4514-4E97-AB33-F2672DACE87A}.Debug|Any CPU.ActiveCfg = Debug|Any CPU
		{91803042-4514-4E97-AB33-F2672DACE87A}.Debug|Any CPU.Build.0 = Debug|Any CPU
		{91803042-4514-4E97-AB33-F2672DACE87A}.Release|Any CPU.ActiveCfg = Release|Any CPU
		{91803042-4514-4E97-AB33-F2672DACE87A}.Release|Any CPU.Build.0 = Release|Any CPU
	EndGlobalSection
	GlobalSection(SolutionProperties) = preSolution
		HideSolutionNode = FALSE
	EndGlobalSection
	GlobalSection(ExtensibilityGlobals) = postSolution
		SolutionGuid = {0F105F3A-7833-4606-906E-D6B3423950DE}
	EndGlobalSection
EndGlobal
