
Microsoft Visual Studio Solution File, Format Version 12.00
# Visual Studio Version 16
VisualStudioVersion = 16.0.30114.105
MinimumVisualStudioVersion = 10.0.40219.1
Project("{FAE04EC0-301F-11D3-BF4B-00C04F79EFBC}") = "bugFix", "bugFix\bugFix.csproj", "{66F9247B-87AF-49B2-94BE-C7AF4D63F8A9}"
EndProject
Global
	GlobalSection(SolutionConfigurationPlatforms) = preSolution
		Debug|Any CPU = Debug|Any CPU
		Release|Any CPU = Release|Any CPU
	EndGlobalSection
	GlobalSection(ProjectConfigurationPlatforms) = postSolution
		{66F9247B-87AF-49B2-94BE-C7AF4D63F8A9}.Debug|Any CPU.ActiveCfg = Debug|Any CPU
		{66F9247B-87AF-49B2-94BE-C7AF4D63F8A9}.Debug|Any CPU.Build.0 = Debug|Any CPU
		{66F9247B-87AF-49B2-94BE-C7AF4D63F8A9}.Release|Any CPU.ActiveCfg = Release|Any CPU
		{66F9247B-87AF-49B2-94BE-C7AF4D63F8A9}.Release|Any CPU.Build.0 = Release|Any CPU
	EndGlobalSection
	GlobalSection(SolutionProperties) = preSolution
		HideSolutionNode = FALSE
	EndGlobalSection
	GlobalSection(ExtensibilityGlobals) = postSolution
		SolutionGuid = {C7DD96E9-7464-470B-BB20-764D9F5B102C}
	EndGlobalSection
EndGlobal
