
Microsoft Visual Studio Solution File, Format Version 12.00
# Visual Studio Version 16
VisualStudioVersion = 16.0.30114.105
MinimumVisualStudioVersion = 10.0.40219.1
Project("{FAE04EC0-301F-11D3-BF4B-00C04F79EFBC}") = "Missing numbers", "Missing numbers\Missing numbers.csproj", "{BDC16D52-8CAF-4065-802B-4A72C4502DE1}"
EndProject
Global
	GlobalSection(SolutionConfigurationPlatforms) = preSolution
		Debug|Any CPU = Debug|Any CPU
		Release|Any CPU = Release|Any CPU
	EndGlobalSection
	GlobalSection(ProjectConfigurationPlatforms) = postSolution
		{BDC16D52-8CAF-4065-802B-4A72C4502DE1}.Debug|Any CPU.ActiveCfg = Debug|Any CPU
		{BDC16D52-8CAF-4065-802B-4A72C4502DE1}.Debug|Any CPU.Build.0 = Debug|Any CPU
		{BDC16D52-8CAF-4065-802B-4A72C4502DE1}.Release|Any CPU.ActiveCfg = Release|Any CPU
		{BDC16D52-8CAF-4065-802B-4A72C4502DE1}.Release|Any CPU.Build.0 = Release|Any CPU
	EndGlobalSection
	GlobalSection(SolutionProperties) = preSolution
		HideSolutionNode = FALSE
	EndGlobalSection
	GlobalSection(ExtensibilityGlobals) = postSolution
		SolutionGuid = {1AF4E1AC-6145-4189-9F69-60220AD47891}
	EndGlobalSection
EndGlobal
