
Microsoft Visual Studio Solution File, Format Version 12.00
# Visual Studio Version 16
VisualStudioVersion = 16.0.30114.105
MinimumVisualStudioVersion = 10.0.40219.1
Project("{FAE04EC0-301F-11D3-BF4B-00C04F79EFBC}") = "MoveZerosToEnd", "MoveZerosToEnd\MoveZerosToEnd.csproj", "{DFB3FA92-C4ED-451C-BECA-443221ECDB72}"
EndProject
Global
	GlobalSection(SolutionConfigurationPlatforms) = preSolution
		Debug|Any CPU = Debug|Any CPU
		Release|Any CPU = Release|Any CPU
	EndGlobalSection
	GlobalSection(ProjectConfigurationPlatforms) = postSolution
		{DFB3FA92-C4ED-451C-BECA-443221ECDB72}.Debug|Any CPU.ActiveCfg = Debug|Any CPU
		{DFB3FA92-C4ED-451C-BECA-443221ECDB72}.Debug|Any CPU.Build.0 = Debug|Any CPU
		{DFB3FA92-C4ED-451C-BECA-443221ECDB72}.Release|Any CPU.ActiveCfg = Release|Any CPU
		{DFB3FA92-C4ED-451C-BECA-443221ECDB72}.Release|Any CPU.Build.0 = Release|Any CPU
	EndGlobalSection
	GlobalSection(SolutionProperties) = preSolution
		HideSolutionNode = FALSE
	EndGlobalSection
	GlobalSection(ExtensibilityGlobals) = postSolution
		SolutionGuid = {AD69D95F-4C2D-41C8-BEF5-93CC6E13C919}
	EndGlobalSection
EndGlobal
