
Microsoft Visual Studio Solution File, Format Version 12.00
# Visual Studio Version 16
VisualStudioVersion = 16.0.30114.105
MinimumVisualStudioVersion = 10.0.40219.1
Project("{FAE04EC0-301F-11D3-BF4B-00C04F79EFBC}") = "Trainplatforms", "Trainplatforms\Trainplatforms.csproj", "{56C483C9-77AA-4783-9ECD-7588991B9C11}"
EndProject
Global
	GlobalSection(SolutionConfigurationPlatforms) = preSolution
		Debug|Any CPU = Debug|Any CPU
		Release|Any CPU = Release|Any CPU
	EndGlobalSection
	GlobalSection(ProjectConfigurationPlatforms) = postSolution
		{56C483C9-77AA-4783-9ECD-7588991B9C11}.Debug|Any CPU.ActiveCfg = Debug|Any CPU
		{56C483C9-77AA-4783-9ECD-7588991B9C11}.Debug|Any CPU.Build.0 = Debug|Any CPU
		{56C483C9-77AA-4783-9ECD-7588991B9C11}.Release|Any CPU.ActiveCfg = Release|Any CPU
		{56C483C9-77AA-4783-9ECD-7588991B9C11}.Release|Any CPU.Build.0 = Release|Any CPU
	EndGlobalSection
	GlobalSection(SolutionProperties) = preSolution
		HideSolutionNode = FALSE
	EndGlobalSection
	GlobalSection(ExtensibilityGlobals) = postSolution
		SolutionGuid = {273E4415-6752-40C7-B612-FA35B3377805}
	EndGlobalSection
EndGlobal
