
Microsoft Visual Studio Solution File, Format Version 12.00
# Visual Studio Version 16
VisualStudioVersion = 16.0.30114.105
MinimumVisualStudioVersion = 10.0.40219.1
Project("{FAE04EC0-301F-11D3-BF4B-00C04F79EFBC}") = "OffBinary", "OffBinary\OffBinary.csproj", "{89724DF1-39BC-4741-9FCB-5EC143F22081}"
EndProject
Global
	GlobalSection(SolutionConfigurationPlatforms) = preSolution
		Debug|Any CPU = Debug|Any CPU
		Release|Any CPU = Release|Any CPU
	EndGlobalSection
	GlobalSection(ProjectConfigurationPlatforms) = postSolution
		{89724DF1-39BC-4741-9FCB-5EC143F22081}.Debug|Any CPU.ActiveCfg = Debug|Any CPU
		{89724DF1-39BC-4741-9FCB-5EC143F22081}.Debug|Any CPU.Build.0 = Debug|Any CPU
		{89724DF1-39BC-4741-9FCB-5EC143F22081}.Release|Any CPU.ActiveCfg = Release|Any CPU
		{89724DF1-39BC-4741-9FCB-5EC143F22081}.Release|Any CPU.Build.0 = Release|Any CPU
	EndGlobalSection
	GlobalSection(SolutionProperties) = preSolution
		HideSolutionNode = FALSE
	EndGlobalSection
	GlobalSection(ExtensibilityGlobals) = postSolution
		SolutionGuid = {A37A60C3-E682-43F5-918B-2AC07BA5F483}
	EndGlobalSection
EndGlobal
