
Microsoft Visual Studio Solution File, Format Version 12.00
# Visual Studio Version 16
VisualStudioVersion = 16.0.30114.105
MinimumVisualStudioVersion = 10.0.40219.1
Project("{FAE04EC0-301F-11D3-BF4B-00C04F79EFBC}") = "LCMGcd", "LCMGcd\LCMGcd.csproj", "{21058D67-4A06-4B57-8DDC-18B54B01399D}"
EndProject
Global
	GlobalSection(SolutionConfigurationPlatforms) = preSolution
		Debug|Any CPU = Debug|Any CPU
		Release|Any CPU = Release|Any CPU
	EndGlobalSection
	GlobalSection(ProjectConfigurationPlatforms) = postSolution
		{21058D67-4A06-4B57-8DDC-18B54B01399D}.Debug|Any CPU.ActiveCfg = Debug|Any CPU
		{21058D67-4A06-4B57-8DDC-18B54B01399D}.Debug|Any CPU.Build.0 = Debug|Any CPU
		{21058D67-4A06-4B57-8DDC-18B54B01399D}.Release|Any CPU.ActiveCfg = Release|Any CPU
		{21058D67-4A06-4B57-8DDC-18B54B01399D}.Release|Any CPU.Build.0 = Release|Any CPU
	EndGlobalSection
	GlobalSection(SolutionProperties) = preSolution
		HideSolutionNode = FALSE
	EndGlobalSection
	GlobalSection(ExtensibilityGlobals) = postSolution
		SolutionGuid = {2E6F9CC0-FA80-4E63-860A-F3AE55297028}
	EndGlobalSection
EndGlobal
