
Microsoft Visual Studio Solution File, Format Version 12.00
# Visual Studio Version 16
VisualStudioVersion = 16.0.30114.105
MinimumVisualStudioVersion = 10.0.40219.1
Project("{FAE04EC0-301F-11D3-BF4B-00C04F79EFBC}") = "OddNumberAppearance", "OddNumberAppearance\OddNumberAppearance.csproj", "{5FC6A695-55A1-4401-BBEC-458AEFAC87A0}"
EndProject
Global
	GlobalSection(SolutionConfigurationPlatforms) = preSolution
		Debug|Any CPU = Debug|Any CPU
		Release|Any CPU = Release|Any CPU
	EndGlobalSection
	GlobalSection(ProjectConfigurationPlatforms) = postSolution
		{5FC6A695-55A1-4401-BBEC-458AEFAC87A0}.Debug|Any CPU.ActiveCfg = Debug|Any CPU
		{5FC6A695-55A1-4401-BBEC-458AEFAC87A0}.Debug|Any CPU.Build.0 = Debug|Any CPU
		{5FC6A695-55A1-4401-BBEC-458AEFAC87A0}.Release|Any CPU.ActiveCfg = Release|Any CPU
		{5FC6A695-55A1-4401-BBEC-458AEFAC87A0}.Release|Any CPU.Build.0 = Release|Any CPU
	EndGlobalSection
	GlobalSection(SolutionProperties) = preSolution
		HideSolutionNode = FALSE
	EndGlobalSection
	GlobalSection(ExtensibilityGlobals) = postSolution
		SolutionGuid = {69222983-BB1F-4C4D-AD6B-580F58CB81C0}
	EndGlobalSection
EndGlobal
