
Microsoft Visual Studio Solution File, Format Version 12.00
# Visual Studio Version 16
VisualStudioVersion = 16.0.30114.105
MinimumVisualStudioVersion = 10.0.40219.1
Project("{FAE04EC0-301F-11D3-BF4B-00C04F79EFBC}") = "BinaryTree", "BinaryTree\BinaryTree.csproj", "{72023FCB-E81D-49CD-B7F5-92AB07A5955B}"
EndProject
Global
	GlobalSection(SolutionConfigurationPlatforms) = preSolution
		Debug|Any CPU = Debug|Any CPU
		Release|Any CPU = Release|Any CPU
	EndGlobalSection
	GlobalSection(ProjectConfigurationPlatforms) = postSolution
		{72023FCB-E81D-49CD-B7F5-92AB07A5955B}.Debug|Any CPU.ActiveCfg = Debug|Any CPU
		{72023FCB-E81D-49CD-B7F5-92AB07A5955B}.Debug|Any CPU.Build.0 = Debug|Any CPU
		{72023FCB-E81D-49CD-B7F5-92AB07A5955B}.Release|Any CPU.ActiveCfg = Release|Any CPU
		{72023FCB-E81D-49CD-B7F5-92AB07A5955B}.Release|Any CPU.Build.0 = Release|Any CPU
	EndGlobalSection
	GlobalSection(SolutionProperties) = preSolution
		HideSolutionNode = FALSE
	EndGlobalSection
	GlobalSection(ExtensibilityGlobals) = postSolution
		SolutionGuid = {3E9A7684-D259-4041-9924-35ECB8003FF4}
	EndGlobalSection
EndGlobal
