
Microsoft Visual Studio Solution File, Format Version 12.00
# Visual Studio Version 16
VisualStudioVersion = 16.0.30114.105
MinimumVisualStudioVersion = 10.0.40219.1
Project("{FAE04EC0-301F-11D3-BF4B-00C04F79EFBC}") = "hungerLevels", "hungerLevels\hungerLevels.csproj", "{27BFC23B-E8F2-4926-BF35-2830B4926A8D}"
EndProject
Global
	GlobalSection(SolutionConfigurationPlatforms) = preSolution
		Debug|Any CPU = Debug|Any CPU
		Release|Any CPU = Release|Any CPU
	EndGlobalSection
	GlobalSection(ProjectConfigurationPlatforms) = postSolution
		{27BFC23B-E8F2-4926-BF35-2830B4926A8D}.Debug|Any CPU.ActiveCfg = Debug|Any CPU
		{27BFC23B-E8F2-4926-BF35-2830B4926A8D}.Debug|Any CPU.Build.0 = Debug|Any CPU
		{27BFC23B-E8F2-4926-BF35-2830B4926A8D}.Release|Any CPU.ActiveCfg = Release|Any CPU
		{27BFC23B-E8F2-4926-BF35-2830B4926A8D}.Release|Any CPU.Build.0 = Release|Any CPU
	EndGlobalSection
	GlobalSection(SolutionProperties) = preSolution
		HideSolutionNode = FALSE
	EndGlobalSection
	GlobalSection(ExtensibilityGlobals) = postSolution
		SolutionGuid = {57400912-1207-4BEC-B79C-863380319076}
	EndGlobalSection
EndGlobal
