
Microsoft Visual Studio Solution File, Format Version 12.00
# Visual Studio Version 16
VisualStudioVersion = 16.0.30114.105
MinimumVisualStudioVersion = 10.0.40219.1
Project("{FAE04EC0-301F-11D3-BF4B-00C04F79EFBC}") = "flood depth", "flood depth\flood depth.csproj", "{B94573A1-95F3-4B0E-AB55-B14295E8F2DF}"
EndProject
Global
	GlobalSection(SolutionConfigurationPlatforms) = preSolution
		Debug|Any CPU = Debug|Any CPU
		Release|Any CPU = Release|Any CPU
	EndGlobalSection
	GlobalSection(ProjectConfigurationPlatforms) = postSolution
		{B94573A1-95F3-4B0E-AB55-B14295E8F2DF}.Debug|Any CPU.ActiveCfg = Debug|Any CPU
		{B94573A1-95F3-4B0E-AB55-B14295E8F2DF}.Debug|Any CPU.Build.0 = Debug|Any CPU
		{B94573A1-95F3-4B0E-AB55-B14295E8F2DF}.Release|Any CPU.ActiveCfg = Release|Any CPU
		{B94573A1-95F3-4B0E-AB55-B14295E8F2DF}.Release|Any CPU.Build.0 = Release|Any CPU
	EndGlobalSection
	GlobalSection(SolutionProperties) = preSolution
		HideSolutionNode = FALSE
	EndGlobalSection
	GlobalSection(ExtensibilityGlobals) = postSolution
		SolutionGuid = {58BEA7B5-EADD-4E72-9A78-7CE51A0E7F0B}
	EndGlobalSection
EndGlobal
