
Microsoft Visual Studio Solution File, Format Version 12.00
# Visual Studio Version 16
VisualStudioVersion = 16.0.30114.105
MinimumVisualStudioVersion = 10.0.40219.1
Project("{FAE04EC0-301F-11D3-BF4B-00C04F79EFBC}") = "gamblesjohn", "gamblesjohn\gamblesjohn.csproj", "{20587F10-9680-490D-944E-40DF3DBCF205}"
EndProject
Global
	GlobalSection(SolutionConfigurationPlatforms) = preSolution
		Debug|Any CPU = Debug|Any CPU
		Release|Any CPU = Release|Any CPU
	EndGlobalSection
	GlobalSection(ProjectConfigurationPlatforms) = postSolution
		{20587F10-9680-490D-944E-40DF3DBCF205}.Debug|Any CPU.ActiveCfg = Debug|Any CPU
		{20587F10-9680-490D-944E-40DF3DBCF205}.Debug|Any CPU.Build.0 = Debug|Any CPU
		{20587F10-9680-490D-944E-40DF3DBCF205}.Release|Any CPU.ActiveCfg = Release|Any CPU
		{20587F10-9680-490D-944E-40DF3DBCF205}.Release|Any CPU.Build.0 = Release|Any CPU
	EndGlobalSection
	GlobalSection(SolutionProperties) = preSolution
		HideSolutionNode = FALSE
	EndGlobalSection
	GlobalSection(ExtensibilityGlobals) = postSolution
		SolutionGuid = {C83B4F04-EE77-43B6-8270-DDF90AE5C1BC}
	EndGlobalSection
EndGlobal
