
Microsoft Visual Studio Solution File, Format Version 12.00
# Visual Studio Version 16
VisualStudioVersion = 16.0.30114.105
MinimumVisualStudioVersion = 10.0.40219.1
Project("{FAE04EC0-301F-11D3-BF4B-00C04F79EFBC}") = "missingDigitII", "missingDigitII\missingDigitII.csproj", "{74A44152-C7FF-4734-978D-CE6561B63AF3}"
EndProject
Global
	GlobalSection(SolutionConfigurationPlatforms) = preSolution
		Debug|Any CPU = Debug|Any CPU
		Release|Any CPU = Release|Any CPU
	EndGlobalSection
	GlobalSection(ProjectConfigurationPlatforms) = postSolution
		{74A44152-C7FF-4734-978D-CE6561B63AF3}.Debug|Any CPU.ActiveCfg = Debug|Any CPU
		{74A44152-C7FF-4734-978D-CE6561B63AF3}.Debug|Any CPU.Build.0 = Debug|Any CPU
		{74A44152-C7FF-4734-978D-CE6561B63AF3}.Release|Any CPU.ActiveCfg = Release|Any CPU
		{74A44152-C7FF-4734-978D-CE6561B63AF3}.Release|Any CPU.Build.0 = Release|Any CPU
	EndGlobalSection
	GlobalSection(SolutionProperties) = preSolution
		HideSolutionNode = FALSE
	EndGlobalSection
	GlobalSection(ExtensibilityGlobals) = postSolution
		SolutionGuid = {2415CA76-8D08-4A5B-86AB-1D9B57F8412F}
	EndGlobalSection
EndGlobal
