
Microsoft Visual Studio Solution File, Format Version 12.00
# Visual Studio Version 16
VisualStudioVersion = 16.0.30104.148
MinimumVisualStudioVersion = 10.0.40219.1
Project("{FAE04EC0-301F-11D3-BF4B-00C04F79EFBC}") = "SingleNumber", "SingleNumber\SingleNumber.csproj", "{89890061-F6BA-4D23-9261-937F46FF2043}"
EndProject
Global
	GlobalSection(SolutionConfigurationPlatforms) = preSolution
		Debug|Any CPU = Debug|Any CPU
		Release|Any CPU = Release|Any CPU
	EndGlobalSection
	GlobalSection(ProjectConfigurationPlatforms) = postSolution
		{89890061-F6BA-4D23-9261-937F46FF2043}.Debug|Any CPU.ActiveCfg = Debug|Any CPU
		{89890061-F6BA-4D23-9261-937F46FF2043}.Debug|Any CPU.Build.0 = Debug|Any CPU
		{89890061-F6BA-4D23-9261-937F46FF2043}.Release|Any CPU.ActiveCfg = Release|Any CPU
		{89890061-F6BA-4D23-9261-937F46FF2043}.Release|Any CPU.Build.0 = Release|Any CPU
	EndGlobalSection
	GlobalSection(SolutionProperties) = preSolution
		HideSolutionNode = FALSE
	EndGlobalSection
	GlobalSection(ExtensibilityGlobals) = postSolution
		SolutionGuid = {CD415BE3-941E-493A-A39F-38C4517C0241}
	EndGlobalSection
EndGlobal
