
Microsoft Visual Studio Solution File, Format Version 12.00
# Visual Studio Version 16
VisualStudioVersion = 16.0.30114.105
MinimumVisualStudioVersion = 10.0.40219.1
Project("{FAE04EC0-301F-11D3-BF4B-00C04F79EFBC}") = "DashAppend", "DashAppend\DashAppend.csproj", "{08AF451B-25E8-46CC-BCE8-C21F579890C6}"
EndProject
Global
	GlobalSection(SolutionConfigurationPlatforms) = preSolution
		Debug|Any CPU = Debug|Any CPU
		Release|Any CPU = Release|Any CPU
	EndGlobalSection
	GlobalSection(ProjectConfigurationPlatforms) = postSolution
		{08AF451B-25E8-46CC-BCE8-C21F579890C6}.Debug|Any CPU.ActiveCfg = Debug|Any CPU
		{08AF451B-25E8-46CC-BCE8-C21F579890C6}.Debug|Any CPU.Build.0 = Debug|Any CPU
		{08AF451B-25E8-46CC-BCE8-C21F579890C6}.Release|Any CPU.ActiveCfg = Release|Any CPU
		{08AF451B-25E8-46CC-BCE8-C21F579890C6}.Release|Any CPU.Build.0 = Release|Any CPU
	EndGlobalSection
	GlobalSection(SolutionProperties) = preSolution
		HideSolutionNode = FALSE
	EndGlobalSection
	GlobalSection(ExtensibilityGlobals) = postSolution
		SolutionGuid = {CAA1EC7B-1228-4CEA-BBAD-2F2ABD709243}
	EndGlobalSection
EndGlobal
