
Microsoft Visual Studio Solution File, Format Version 12.00
# Visual Studio Version 16
VisualStudioVersion = 16.0.30114.105
MinimumVisualStudioVersion = 10.0.40219.1
Project("{FAE04EC0-301F-11D3-BF4B-00C04F79EFBC}") = "seatingstudents", "seatingstudents\seatingstudents.csproj", "{208EC89A-E7F3-4D16-B41B-553BB6005481}"
EndProject
Global
	GlobalSection(SolutionConfigurationPlatforms) = preSolution
		Debug|Any CPU = Debug|Any CPU
		Release|Any CPU = Release|Any CPU
	EndGlobalSection
	GlobalSection(ProjectConfigurationPlatforms) = postSolution
		{208EC89A-E7F3-4D16-B41B-553BB6005481}.Debug|Any CPU.ActiveCfg = Debug|Any CPU
		{208EC89A-E7F3-4D16-B41B-553BB6005481}.Debug|Any CPU.Build.0 = Debug|Any CPU
		{208EC89A-E7F3-4D16-B41B-553BB6005481}.Release|Any CPU.ActiveCfg = Release|Any CPU
		{208EC89A-E7F3-4D16-B41B-553BB6005481}.Release|Any CPU.Build.0 = Release|Any CPU
	EndGlobalSection
	GlobalSection(SolutionProperties) = preSolution
		HideSolutionNode = FALSE
	EndGlobalSection
	GlobalSection(ExtensibilityGlobals) = postSolution
		SolutionGuid = {F62F01D6-84C0-44EB-99BF-A9019E9EF1D9}
	EndGlobalSection
EndGlobal
